
Microsoft Visual Studio Solution File, Format Version 12.00
# Visual Studio 2013
VisualStudioVersion = 12.0.30501.0
MinimumVisualStudioVersion = 10.0.40219.1
Project("{FAE04EC0-301F-11D3-BF4B-00C04F79EFBC}") = "SKM", "SKM.csproj", "{9C8E33E5-7833-4EB2-9D3D-A16200B14390}"
EndProject
Project("{FAE04EC0-301F-11D3-BF4B-00C04F79EFBC}") = "SKM Test", "..\SKM Test\SKM Test.csproj", "{53AF54EF-7047-41F8-8876-856589A87503}"
EndProject
Global
	GlobalSection(TeamFoundationVersionControl) = preSolution
		SccNumberOfProjects = 3
		SccEnterpriseProvider = {4CA58AB2-18FA-4F8D-95D4-32DDF27D184C}
		SccTeamFoundationServer = https://tfs.codeplex.com/tfs/tfs18
		SccProjectUniqueName0 = SKM.csproj
		SccLocalPath0 = .
		SccProjectUniqueName1 = ..\\SKM\u0020Test\\SKM\u0020Test.csproj
		SccProjectName1 = ../SKM\u0020Test
		SccLocalPath1 = ..\\SKM\u0020Test
		SccLocalPath2 = .
	EndGlobalSection
	GlobalSection(SolutionConfigurationPlatforms) = preSolution
		Debug|Any CPU = Debug|Any CPU
		Release|Any CPU = Release|Any CPU
	EndGlobalSection
	GlobalSection(ProjectConfigurationPlatforms) = postSolution
		{9C8E33E5-7833-4EB2-9D3D-A16200B14390}.Debug|Any CPU.ActiveCfg = Debug|Any CPU
		{9C8E33E5-7833-4EB2-9D3D-A16200B14390}.Debug|Any CPU.Build.0 = Debug|Any CPU
		{9C8E33E5-7833-4EB2-9D3D-A16200B14390}.Release|Any CPU.ActiveCfg = Release|Any CPU
		{9C8E33E5-7833-4EB2-9D3D-A16200B14390}.Release|Any CPU.Build.0 = Release|Any CPU
		{53AF54EF-7047-41F8-8876-856589A87503}.Debug|Any CPU.ActiveCfg = Debug|Any CPU
		{53AF54EF-7047-41F8-8876-856589A87503}.Debug|Any CPU.Build.0 = Debug|Any CPU
		{53AF54EF-7047-41F8-8876-856589A87503}.Release|Any CPU.ActiveCfg = Release|Any CPU
		{53AF54EF-7047-41F8-8876-856589A87503}.Release|Any CPU.Build.0 = Release|Any CPU
	EndGlobalSection
	GlobalSection(SolutionProperties) = preSolution
		HideSolutionNode = FALSE
	EndGlobalSection
EndGlobal
