
Microsoft Visual Studio Solution File, Format Version 12.00
# Visual Studio 15
VisualStudioVersion = 15.0.26430.16
MinimumVisualStudioVersion = 10.0.40219.1
Project("{FAE04EC0-301F-11D3-BF4B-00C04F79EFBC}") = "SKM", "SKM.csproj", "{9C8E33E5-7833-4EB2-9D3D-A16200B14390}"
EndProject
Project("{FAE04EC0-301F-11D3-BF4B-00C04F79EFBC}") = "SKM Test", "..\SKM Test\SKM Test.csproj", "{53AF54EF-7047-41F8-8876-856589A87503}"
EndProject
Project("{9A19103F-16F7-4668-BE54-9A1E7A4F7556}") = "SKM Experimental", "..\SKM Experimental\SKM Experimental.csproj", "{D6BFA335-BC1C-459D-848F-49066595F46C}"
EndProject
Project("{FAE04EC0-301F-11D3-BF4B-00C04F79EFBC}") = "User Login Auth Example", "User Login Auth Example\User Login Auth Example.csproj", "{B88624C5-0ABC-48A6-810F-BB3EABDF7574}"
EndProject
Project("{FAE04EC0-301F-11D3-BF4B-00C04F79EFBC}") = "SKM Net Core Test", "..\SKM Net Core Test\SKM Net Core Test.csproj", "{6A9B765A-D919-42E3-8015-7684D81B1D89}"
EndProject
Global
	GlobalSection(SolutionConfigurationPlatforms) = preSolution
		Debug|Any CPU = Debug|Any CPU
		Release|Any CPU = Release|Any CPU
	EndGlobalSection
	GlobalSection(ProjectConfigurationPlatforms) = postSolution
		{9C8E33E5-7833-4EB2-9D3D-A16200B14390}.Debug|Any CPU.ActiveCfg = Debug|Any CPU
		{9C8E33E5-7833-4EB2-9D3D-A16200B14390}.Debug|Any CPU.Build.0 = Debug|Any CPU
		{9C8E33E5-7833-4EB2-9D3D-A16200B14390}.Release|Any CPU.ActiveCfg = Release|Any CPU
		{9C8E33E5-7833-4EB2-9D3D-A16200B14390}.Release|Any CPU.Build.0 = Release|Any CPU
		{53AF54EF-7047-41F8-8876-856589A87503}.Debug|Any CPU.ActiveCfg = Debug|Any CPU
		{53AF54EF-7047-41F8-8876-856589A87503}.Debug|Any CPU.Build.0 = Debug|Any CPU
		{53AF54EF-7047-41F8-8876-856589A87503}.Release|Any CPU.ActiveCfg = Release|Any CPU
		{53AF54EF-7047-41F8-8876-856589A87503}.Release|Any CPU.Build.0 = Release|Any CPU
		{D6BFA335-BC1C-459D-848F-49066595F46C}.Debug|Any CPU.ActiveCfg = Debug|Any CPU
		{D6BFA335-BC1C-459D-848F-49066595F46C}.Debug|Any CPU.Build.0 = Debug|Any CPU
		{D6BFA335-BC1C-459D-848F-49066595F46C}.Release|Any CPU.ActiveCfg = Release|Any CPU
		{D6BFA335-BC1C-459D-848F-49066595F46C}.Release|Any CPU.Build.0 = Release|Any CPU
		{B88624C5-0ABC-48A6-810F-BB3EABDF7574}.Debug|Any CPU.ActiveCfg = Debug|Any CPU
		{B88624C5-0ABC-48A6-810F-BB3EABDF7574}.Debug|Any CPU.Build.0 = Debug|Any CPU
		{B88624C5-0ABC-48A6-810F-BB3EABDF7574}.Release|Any CPU.ActiveCfg = Release|Any CPU
		{B88624C5-0ABC-48A6-810F-BB3EABDF7574}.Release|Any CPU.Build.0 = Release|Any CPU
		{6A9B765A-D919-42E3-8015-7684D81B1D89}.Debug|Any CPU.ActiveCfg = Debug|Any CPU
		{6A9B765A-D919-42E3-8015-7684D81B1D89}.Debug|Any CPU.Build.0 = Debug|Any CPU
		{6A9B765A-D919-42E3-8015-7684D81B1D89}.Release|Any CPU.ActiveCfg = Release|Any CPU
		{6A9B765A-D919-42E3-8015-7684D81B1D89}.Release|Any CPU.Build.0 = Release|Any CPU
	EndGlobalSection
	GlobalSection(SolutionProperties) = preSolution
		HideSolutionNode = FALSE
	EndGlobalSection
	GlobalSection(NDepend) = preSolution
		Project = ".\SKM1.ndproj"
	EndGlobalSection
EndGlobal
